{
  "name": "uwwiko",
  "version": "1.0.0",
  "lockfileVersion": 3,
  "requires": true,
  "packages": {
    "": {
      "name": "uwwiko",
      "version": "1.0.0",
      "license": "ISC",
      "dependencies": {
        "uwwiko": "^1.0.0"
      },
      "devDependencies": {}
    },
    "node_modules/uwwiko": {
      "version": "1.0.0",
      "resolved": "https://registry.npmjs.org/uwwiko/-/uwwiko-1.0.0.tgz",
      "integrity": "sha512-OiaWiE7IrbX1aOQqB50ruXMiDS8xScpz/sufida8+18ne474kZL3wusbxJNFQIppmZLM34SCYW1q+8bud/kNyQ=="
    }
  }
}
